<?xml version="1.0" encoding="utf-8"?>
<Project ToolsVersion="4.0" xmlns="http://schemas.microsoft.com/developer/msbuild/2003">
  <ItemGroup>
    <Filter Include="src">
      <UniqueIdentifier>{21ede5bb-450a-4d1f-948b-4108fb9037c0}</UniqueIdentifier>
    </Filter>
    <Filter Include="src\effects">
      <UniqueIdentifier>{0d9c7a4b-e1e0-42fe-83ab-d7030885f3aa}</UniqueIdentifier>
    </Filter>
  </ItemGroup>
  <ItemGroup>
    <ClInclude Include="audio.h">
      <Filter>src</Filter>
    </ClInclude>
    <ClInclude Include="config.h">
      <Filter>src</Filter>
    </ClInclude>
    <ClInclude Include="audio.hpp">
      <Filter>src</Filter>
    </ClInclude>
    <ClInclude Include="buffer_utils.hpp">
      <Filter>src</Filter>
    </ClInclude>
    <ClInclude Include="config.hpp">
      <Filter>src</Filter>
    </ClInclude>
    <ClInclude Include="effect.hpp">
      <Filter>src</Filter>
    </ClInclude>
    <ClInclude Include="sequence.hpp">
      <Filter>src</Filter>
    </ClInclude>
    <ClInclude Include="track.hpp">
      <Filter>src</Filter>
    </ClInclude>
    <ClInclude Include="wavetable.hpp">
      <Filter>src</Filter>
    </ClInclude>
    <ClInclude Include="effects\effect_peak_compressor.hpp">
      <Filter>src\effects</Filter>
    </ClInclude>
  </ItemGroup>
  <ItemGroup>
    <ClCompile Include="buffer_utils.cpp">
      <Filter>src</Filter>
    </ClCompile>
    <ClCompile Include="sequence.cpp">
      <Filter>src</Filter>
    </ClCompile>
    <ClCompile Include="track.cpp">
      <Filter>src</Filter>
    </ClCompile>
    <ClCompile Include="wavetable.cpp">
      <Filter>src</Filter>
    </ClCompile>
    <ClCompile Include="effects\effect_peak_compressor.cpp">
      <Filter>src\effects</Filter>
    </ClCompile>
  </ItemGroup>
</Project>